Microsoft Visual Studio Solution File, Format Version 12.00
# Visual Studio Version 17
VisualStudioVersion = 17.5.2.0
MinimumVisualStudioVersion = 10.0.40219.1
Project("{FAE04EC0-301F-11D3-BF4B-00C04F79EFBC}") = "TupTrack.UI", "TupTrack.UI.csproj", "{6C254402-52F9-19B1-483E-DF8FA16C9A45}"
EndProject
Global
	GlobalSection(SolutionConfigurationPlatforms) = preSolution
		Debug|Any CPU = Debug|Any CPU
		Release|Any CPU = Release|Any CPU
	EndGlobalSection
	GlobalSection(ProjectConfigurationPlatforms) = postSolution
		{6C254402-52F9-19B1-483E-DF8FA16C9A45}.Debug|Any CPU.ActiveCfg = Debug|Any CPU
		{6C254402-52F9-19B1-483E-DF8FA16C9A45}.Debug|Any CPU.Build.0 = Debug|Any CPU
		{6C254402-52F9-19B1-483E-DF8FA16C9A45}.Release|Any CPU.ActiveCfg = Release|Any CPU
		{6C254402-52F9-19B1-483E-DF8FA16C9A45}.Release|Any CPU.Build.0 = Release|Any CPU
	EndGlobalSection
	GlobalSection(SolutionProperties) = preSolution
		HideSolutionNode = FALSE
	EndGlobalSection
	GlobalSection(ExtensibilityGlobals) = postSolution
		SolutionGuid = {39B84B1F-8084-406E-A488-B49AAAD9B5C0}
	EndGlobalSection
EndGlobal
